// !$*UTF8*$!
{
	archiveVersion = 1;
	classes = {
	};
	objectVersion = 55;
	objects = {

/* Begin PBXBuildFile section */
		041E0F5428C7D758002E6129 /* SciencesBook3.swift in Sources */ = {isa = PBXBuildFile; fileRef = 041E0F5328C7D758002E6129 /* SciencesBook3.swift */; };
		041E0F5628C7D770002E6129 /* ArabicBook3.swift in Sources */ = {isa = PBXBuildFile; fileRef = 041E0F5528C7D770002E6129 /* ArabicBook3.swift */; };
		041E0F5828C7D78C002E6129 /* QuranBook3.swift in Sources */ = {isa = PBXBuildFile; fileRef = 041E0F5728C7D78C002E6129 /* QuranBook3.swift */; };
		041E0F5A28C7D79A002E6129 /* MathBook3.swift in Sources */ = {isa = PBXBuildFile; fileRef = 041E0F5928C7D79A002E6129 /* MathBook3.swift */; };
		041E0F5C28C7D7A7002E6129 /* EinglishBook3.swift in Sources */ = {isa = PBXBuildFile; fileRef = 041E0F5B28C7D7A7002E6129 /* EinglishBook3.swift */; };
		041E0F5E28C7D7B3002E6129 /* IslamicBook3.swift in Sources */ = {isa = PBXBuildFile; fileRef = 041E0F5D28C7D7B3002E6129 /* IslamicBook3.swift */; };
		041E0F6028C7D967002E6129 /* SciencesBook4.swift in Sources */ = {isa = PBXBuildFile; fileRef = 041E0F5F28C7D967002E6129 /* SciencesBook4.swift */; };
		041E0F6228C7D974002E6129 /* ArabicBook4.swift in Sources */ = {isa = PBXBuildFile; fileRef = 041E0F6128C7D974002E6129 /* ArabicBook4.swift */; };
		041E0F6428C7D988002E6129 /* QuranBook4.swift in Sources */ = {isa = PBXBuildFile; fileRef = 041E0F6328C7D988002E6129 /* QuranBook4.swift */; };
		041E0F6628C7D995002E6129 /* MathBook4.swift in Sources */ = {isa = PBXBuildFile; fileRef = 041E0F6528C7D995002E6129 /* MathBook4.swift */; };
		041E0F6828C7D9A1002E6129 /* EinglishBook4.swift in Sources */ = {isa = PBXBuildFile; fileRef = 041E0F6728C7D9A1002E6129 /* EinglishBook4.swift */; };
		041E0F6A28C7D9B0002E6129 /* IslamicBook4.swift in Sources */ = {isa = PBXBuildFile; fileRef = 041E0F6928C7D9B0002E6129 /* IslamicBook4.swift */; };
		041E0F6C28C7E4D2002E6129 /* Button3View.swift in Sources */ = {isa = PBXBuildFile; fileRef = 041E0F6B28C7E4D2002E6129 /* Button3View.swift */; };
		041E0F6E28C7E4E0002E6129 /* Button4View.swift in Sources */ = {isa = PBXBuildFile; fileRef = 041E0F6D28C7E4E0002E6129 /* Button4View.swift */; };
		041E0F7028C7EEE1002E6129 /* Class6View.swift in Sources */ = {isa = PBXBuildFile; fileRef = 041E0F6F28C7EEE1002E6129 /* Class6View.swift */; };
		041E0F7228C8C9CB002E6129 /* Class7View.swift in Sources */ = {isa = PBXBuildFile; fileRef = 041E0F7128C8C9CB002E6129 /* Class7View.swift */; };
		041E0F7428C8C9D6002E6129 /* Class8View.swift in Sources */ = {isa = PBXBuildFile; fileRef = 041E0F7328C8C9D6002E6129 /* Class8View.swift */; };
		041E0F7628C8C9E5002E6129 /* Class9View.swift in Sources */ = {isa = PBXBuildFile; fileRef = 041E0F7528C8C9E5002E6129 /* Class9View.swift */; };
		041E0F7928C8D5D9002E6129 /* SciencesBook5.swift in Sources */ = {isa = PBXBuildFile; fileRef = 041E0F7828C8D5D9002E6129 /* SciencesBook5.swift */; };
		041E0F7B28C8D5F1002E6129 /* ArabicBook5.swift in Sources */ = {isa = PBXBuildFile; fileRef = 041E0F7A28C8D5F0002E6129 /* ArabicBook5.swift */; };
		041E0F7D28C8D61A002E6129 /* QuranBook5.swift in Sources */ = {isa = PBXBuildFile; fileRef = 041E0F7C28C8D61A002E6129 /* QuranBook5.swift */; };
		041E0F7F28C8D641002E6129 /* MathBook5.swift in Sources */ = {isa = PBXBuildFile; fileRef = 041E0F7E28C8D641002E6129 /* MathBook5.swift */; };
		041E0F8328C8FD1F002E6129 /* SavedView.swift in Sources */ = {isa = PBXBuildFile; fileRef = 041E0F8228C8FD1F002E6129 /* SavedView.swift */; };
		041E0F8528C90339002E6129 /* Model.swift in Sources */ = {isa = PBXBuildFile; fileRef = 041E0F8428C90339002E6129 /* Model.swift */; };
		0432EEAF28BE550E003A35E9 /* Assets.xcassets in Resources */ = {isa = PBXBuildFile; fileRef = 0432EEAE28BE550E003A35E9 /* Assets.xcassets */; };
		0432EEB128BF8963003A35E9 /* ColorExtension.swift in Sources */ = {isa = PBXBuildFile; fileRef = 0432EEB028BF8963003A35E9 /* ColorExtension.swift */; };
		0432EEB328BF9013003A35E9 /* loginView.swift in Sources */ = {isa = PBXBuildFile; fileRef = 0432EEB228BF9013003A35E9 /* loginView.swift */; };
		0466F6C528BFA6CE001D7F6A /* SettingsView.swift in Sources */ = {isa = PBXBuildFile; fileRef = 0466F6C428BFA6CE001D7F6A /* SettingsView.swift */; };
		0466F6C728C10726001D7F6A /* Botton1View.swift in Sources */ = {isa = PBXBuildFile; fileRef = 0466F6C628C10725001D7F6A /* Botton1View.swift */; };
		0466F6C928C109FB001D7F6A /* HomeView.swift in Sources */ = {isa = PBXBuildFile; fileRef = 0466F6C828C109FB001D7F6A /* HomeView.swift */; };
		0466F6CB28C11517001D7F6A /* Button2View.swift in Sources */ = {isa = PBXBuildFile; fileRef = 0466F6CA28C11517001D7F6A /* Button2View.swift */; };
		0466F6CD28C123A6001D7F6A /* Class1View.swift in Sources */ = {isa = PBXBuildFile; fileRef = 0466F6CC28C123A6001D7F6A /* Class1View.swift */; };
		0466F6CF28C12D82001D7F6A /* Class2View.swift in Sources */ = {isa = PBXBuildFile; fileRef = 0466F6CE28C12D81001D7F6A /* Class2View.swift */; };
		0466F6D128C12D97001D7F6A /* Class3View.swift in Sources */ = {isa = PBXBuildFile; fileRef = 0466F6D028C12D97001D7F6A /* Class3View.swift */; };
		0466F6D328C12DA7001D7F6A /* Class4View.swift in Sources */ = {isa = PBXBuildFile; fileRef = 0466F6D228C12DA7001D7F6A /* Class4View.swift */; };
		0466F6D528C12DB6001D7F6A /* Class5View.swift in Sources */ = {isa = PBXBuildFile; fileRef = 0466F6D428C12DB6001D7F6A /* Class5View.swift */; };
		0466F6D928C2247F001D7F6A /* SearchView.swift in Sources */ = {isa = PBXBuildFile; fileRef = 0466F6D828C2247F001D7F6A /* SearchView.swift */; };
		0466F6DB28C22830001D7F6A /* Home1View.swift in Sources */ = {isa = PBXBuildFile; fileRef = 0466F6DA28C22830001D7F6A /* Home1View.swift */; };
		0466F6E328C4C412001D7F6A /* Book1.swift in Sources */ = {isa = PBXBuildFile; fileRef = 0466F6E228C4C412001D7F6A /* Book1.swift */; };
		0466F6E528C4CAE1001D7F6A /* BookSolves1.swift in Sources */ = {isa = PBXBuildFile; fileRef = 0466F6E428C4CAE1001D7F6A /* BookSolves1.swift */; };
		0466F6E728C4CC7B001D7F6A /* studyNote1.swift in Sources */ = {isa = PBXBuildFile; fileRef = 0466F6E628C4CC7B001D7F6A /* studyNote1.swift */; };
		0466F6E928C4CC90001D7F6A /* electronicExams1.swift in Sources */ = {isa = PBXBuildFile; fileRef = 0466F6E828C4CC90001D7F6A /* electronicExams1.swift */; };
		0466F6F328C51FE5001D7F6A /* Poppins-Medium.ttf in Resources */ = {isa = PBXBuildFile; fileRef = 0466F6ED28C51FE5001D7F6A /* Poppins-Medium.ttf */; };
		0466F6F428C51FE5001D7F6A /* Poppins-Bold.ttf in Resources */ = {isa = PBXBuildFile; fileRef = 0466F6EE28C51FE5001D7F6A /* Poppins-Bold.ttf */; };
		0466F6F528C51FE5001D7F6A /* SIL Open Font License.txt in Resources */ = {isa = PBXBuildFile; fileRef = 0466F6EF28C51FE5001D7F6A /* SIL Open Font License.txt */; };
		0466F6F628C51FE5001D7F6A /* Poppins-Regular.ttf in Resources */ = {isa = PBXBuildFile; fileRef = 0466F6F028C51FE5001D7F6A /* Poppins-Regular.ttf */; };
		0466F6F728C51FE5001D7F6A /* Poppins-SemiBold.ttf in Resources */ = {isa = PBXBuildFile; fileRef = 0466F6F128C51FE5001D7F6A /* Poppins-SemiBold.ttf */; };
		0466F6F828C51FE5001D7F6A /* Poppins-Light.ttf in Resources */ = {isa = PBXBuildFile; fileRef = 0466F6F228C51FE5001D7F6A /* Poppins-Light.ttf */; };
		0466F6FB28C61F32001D7F6A /* CustomTabBarView.swift in Sources */ = {isa = PBXBuildFile; fileRef = 0466F6FA28C61F32001D7F6A /* CustomTabBarView.swift */; };
		0466F6FD28C61F75001D7F6A /* HomTabView.swift in Sources */ = {isa = PBXBuildFile; fileRef = 0466F6FC28C61F75001D7F6A /* HomTabView.swift */; };
		0466F6FF28C62F3F001D7F6A /* TabCurveView.swift in Sources */ = {isa = PBXBuildFile; fileRef = 0466F6FE28C62F3E001D7F6A /* TabCurveView.swift */; };
		0466F73328C69C19001D7F6A /* ArabicBook.swift in Sources */ = {isa = PBXBuildFile; fileRef = 0466F73228C69C19001D7F6A /* ArabicBook.swift */; };
		0466F73628C69C6A001D7F6A /* EinglishBook.swift in Sources */ = {isa = PBXBuildFile; fileRef = 0466F73528C69C6A001D7F6A /* EinglishBook.swift */; };
		0466F73828C69CCE001D7F6A /* QuranBook.swift in Sources */ = {isa = PBXBuildFile; fileRef = 0466F73728C69CCE001D7F6A /* QuranBook.swift */; };
		0466F73A28C69D08001D7F6A /* MathBook.swift in Sources */ = {isa = PBXBuildFile; fileRef = 0466F73928C69D08001D7F6A /* MathBook.swift */; };
		0466F73C28C69D3F001D7F6A /* SciencesBook.swift in Sources */ = {isa = PBXBuildFile; fileRef = 0466F73B28C69D3F001D7F6A /* SciencesBook.swift */; };
		0466F73E28C69D81001D7F6A /* IslamicBook.swift in Sources */ = {isa = PBXBuildFile; fileRef = 0466F73D28C69D81001D7F6A /* IslamicBook.swift */; };
		0466F74028C75024001D7F6A /* Book2.swift in Sources */ = {isa = PBXBuildFile; fileRef = 0466F73F28C75024001D7F6A /* Book2.swift */; };
		0466F74228C7508A001D7F6A /* BookSolves2.swift in Sources */ = {isa = PBXBuildFile; fileRef = 0466F74128C7508A001D7F6A /* BookSolves2.swift */; };
		0466F74428C750A4001D7F6A /* studyNote2.swift in Sources */ = {isa = PBXBuildFile; fileRef = 0466F74328C750A4001D7F6A /* studyNote2.swift */; };
		0466F74628C750C0001D7F6A /* electronicExams2.swift in Sources */ = {isa = PBXBuildFile; fileRef = 0466F74528C750C0001D7F6A /* electronicExams2.swift */; };
		0466F74C28C751E7001D7F6A /* Book3.swift in Sources */ = {isa = PBXBuildFile; fileRef = 0466F74B28C751E7001D7F6A /* Book3.swift */; };
		0466F74E28C75314001D7F6A /* BookSolves3.swift in Sources */ = {isa = PBXBuildFile; fileRef = 0466F74D28C75313001D7F6A /* BookSolves3.swift */; };
		0466F75028C7532C001D7F6A /* electronicExams3.swift in Sources */ = {isa = PBXBuildFile; fileRef = 0466F74F28C7532C001D7F6A /* electronicExams3.swift */; };
		0466F75228C75345001D7F6A /* studyNote3.swift in Sources */ = {isa = PBXBuildFile; fileRef = 0466F75128C75345001D7F6A /* studyNote3.swift */; };
		0466F75428C75352001D7F6A /* studyNote4.swift in Sources */ = {isa = PBXBuildFile; fileRef = 0466F75328C75352001D7F6A /* studyNote4.swift */; };
		0466F75628C7535B001D7F6A /* studyNote5.swift in Sources */ = {isa = PBXBuildFile; fileRef = 0466F75528C7535B001D7F6A /* studyNote5.swift */; };
		0466F75828C7539A001D7F6A /* electronicExams5.swift in Sources */ = {isa = PBXBuildFile; fileRef = 0466F75728C7539A001D7F6A /* electronicExams5.swift */; };
		0466F75A28C753A8001D7F6A /* electronicExams4.swift in Sources */ = {isa = PBXBuildFile; fileRef = 0466F75928C753A8001D7F6A /* electronicExams4.swift */; };
		0466F75C28C753C3001D7F6A /* BookSolves5.swift in Sources */ = {isa = PBXBuildFile; fileRef = 0466F75B28C753C3001D7F6A /* BookSolves5.swift */; };
		0466F75E28C753CE001D7F6A /* BookSolves4.swift in Sources */ = {isa = PBXBuildFile; fileRef = 0466F75D28C753CE001D7F6A /* BookSolves4.swift */; };
		0466F76028C753DD001D7F6A /* Book4.swift in Sources */ = {isa = PBXBuildFile; fileRef = 0466F75F28C753DD001D7F6A /* Book4.swift */; };
		0466F76228C753EB001D7F6A /* Book5.swift in Sources */ = {isa = PBXBuildFile; fileRef = 0466F76128C753EB001D7F6A /* Book5.swift */; };
		0466F76428C75A99001D7F6A /* SciencesBook2.swift in Sources */ = {isa = PBXBuildFile; fileRef = 0466F76328C75A99001D7F6A /* SciencesBook2.swift */; };
		0466F76628C75ABC001D7F6A /* ArabicBook2.swift in Sources */ = {isa = PBXBuildFile; fileRef = 0466F76528C75ABC001D7F6A /* ArabicBook2.swift */; };
		0466F76828C75AE5001D7F6A /* QuranBook2.swift in Sources */ = {isa = PBXBuildFile; fileRef = 0466F76728C75AE5001D7F6A /* QuranBook2.swift */; };
		0466F76A28C75AF5001D7F6A /* MathBook2.swift in Sources */ = {isa = PBXBuildFile; fileRef = 0466F76928C75AF5001D7F6A /* MathBook2.swift */; };
		0466F76C28C75B06001D7F6A /* EinglishBook2.swift in Sources */ = {isa = PBXBuildFile; fileRef = 0466F76B28C75B06001D7F6A /* EinglishBook2.swift */; };
		0466F76E28C75B1A001D7F6A /* IslamicBook2.swift in Sources */ = {isa = PBXBuildFile; fileRef = 0466F76D28C75B1A001D7F6A /* IslamicBook2.swift */; };
		0468690628BA2D0800ED2362 /* finaly_projectApp.swift in Sources */ = {isa = PBXBuildFile; fileRef = 0468690528BA2D0800ED2362 /* finaly_projectApp.swift */; };
		0468690828BA2D0800ED2362 /* ContentView.swift in Sources */ = {isa = PBXBuildFile; fileRef = 0468690728BA2D0800ED2362 /* ContentView.swift */; };
		0468690D28BA2D0900ED2362 /* Preview Assets.xcassets in Resources */ = {isa = PBXBuildFile; fileRef = 0468690C28BA2D0900ED2362 /* Preview Assets.xcassets */; };
		0468691428BAC9F300ED2362 /* Launch Screen .storyboard in Resources */ = {isa = PBXBuildFile; fileRef = 0468691328BAC9F300ED2362 /* Launch Screen .storyboard */; };
/* End PBXBuildFile section */

/* Begin PBXFileReference section */
		041E0F5328C7D758002E6129 /* SciencesBook3.swift */ = {isa = PBXFileReference; lastKnownFileType = sourcecode.swift; path = SciencesBook3.swift; sourceTree = "<group>"; };
		041E0F5528C7D770002E6129 /* ArabicBook3.swift */ = {isa = PBXFileReference; lastKnownFileType = sourcecode.swift; path = ArabicBook3.swift; sourceTree = "<group>"; };
		041E0F5728C7D78C002E6129 /* QuranBook3.swift */ = {isa = PBXFileReference; lastKnownFileType = sourcecode.swift; path = QuranBook3.swift; sourceTree = "<group>"; };
		041E0F5928C7D79A002E6129 /* MathBook3.swift */ = {isa = PBXFileReference; lastKnownFileType = sourcecode.swift; path = MathBook3.swift; sourceTree = "<group>"; };
		041E0F5B28C7D7A7002E6129 /* EinglishBook3.swift */ = {isa = PBXFileReference; lastKnownFileType = sourcecode.swift; path = EinglishBook3.swift; sourceTree = "<group>"; };
		041E0F5D28C7D7B3002E6129 /* IslamicBook3.swift */ = {isa = PBXFileReference; lastKnownFileType = sourcecode.swift; path = IslamicBook3.swift; sourceTree = "<group>"; };
		041E0F5F28C7D967002E6129 /* SciencesBook4.swift */ = {isa = PBXFileReference; lastKnownFileType = sourcecode.swift; path = SciencesBook4.swift; sourceTree = "<group>"; };
		041E0F6128C7D974002E6129 /* ArabicBook4.swift */ = {isa = PBXFileReference; lastKnownFileType = sourcecode.swift; path = ArabicBook4.swift; sourceTree = "<group>"; };
		041E0F6328C7D988002E6129 /* QuranBook4.swift */ = {isa = PBXFileReference; lastKnownFileType = sourcecode.swift; path = QuranBook4.swift; sourceTree = "<group>"; };
		041E0F6528C7D995002E6129 /* MathBook4.swift */ = {isa = PBXFileReference; lastKnownFileType = sourcecode.swift; path = MathBook4.swift; sourceTree = "<group>"; };
		041E0F6728C7D9A1002E6129 /* EinglishBook4.swift */ = {isa = PBXFileReference; lastKnownFileType = sourcecode.swift; path = EinglishBook4.swift; sourceTree = "<group>"; };
		041E0F6928C7D9B0002E6129 /* IslamicBook4.swift */ = {isa = PBXFileReference; lastKnownFileType = sourcecode.swift; path = IslamicBook4.swift; sourceTree = "<group>"; };
		041E0F6B28C7E4D2002E6129 /* Button3View.swift */ = {isa = PBXFileReference; lastKnownFileType = sourcecode.swift; path = Button3View.swift; sourceTree = "<group>"; };
		041E0F6D28C7E4E0002E6129 /* Button4View.swift */ = {isa = PBXFileReference; lastKnownFileType = sourcecode.swift; path = Button4View.swift; sourceTree = "<group>"; };
		041E0F6F28C7EEE1002E6129 /* Class6View.swift */ = {isa = PBXFileReference; lastKnownFileType = sourcecode.swift; path = Class6View.swift; sourceTree = "<group>"; };
		041E0F7128C8C9CB002E6129 /* Class7View.swift */ = {isa = PBXFileReference; lastKnownFileType = sourcecode.swift; path = Class7View.swift; sourceTree = "<group>"; };
		041E0F7328C8C9D6002E6129 /* Class8View.swift */ = {isa = PBXFileReference; lastKnownFileType = sourcecode.swift; path = Class8View.swift; sourceTree = "<group>"; };
		041E0F7528C8C9E5002E6129 /* Class9View.swift */ = {isa = PBXFileReference; lastKnownFileType = sourcecode.swift; path = Class9View.swift; sourceTree = "<group>"; };
		041E0F7828C8D5D9002E6129 /* SciencesBook5.swift */ = {isa = PBXFileReference; lastKnownFileType = sourcecode.swift; path = SciencesBook5.swift; sourceTree = "<group>"; };
		041E0F7A28C8D5F0002E6129 /* ArabicBook5.swift */ = {isa = PBXFileReference; lastKnownFileType = sourcecode.swift; path = ArabicBook5.swift; sourceTree = "<group>"; };
		041E0F7C28C8D61A002E6129 /* QuranBook5.swift */ = {isa = PBXFileReference; lastKnownFileType = sourcecode.swift; path = QuranBook5.swift; sourceTree = "<group>"; };
		041E0F7E28C8D641002E6129 /* MathBook5.swift */ = {isa = PBXFileReference; lastKnownFileType = sourcecode.swift; path = MathBook5.swift; sourceTree = "<group>"; };
		041E0F8228C8FD1F002E6129 /* SavedView.swift */ = {isa = PBXFileReference; lastKnownFileType = sourcecode.swift; path = SavedView.swift; sourceTree = "<group>"; };
		041E0F8428C90339002E6129 /* Model.swift */ = {isa = PBXFileReference; lastKnownFileType = sourcecode.swift; path = Model.swift; sourceTree = "<group>"; };
		0432EEAE28BE550E003A35E9 /* Assets.xcassets */ = {isa = PBXFileReference; lastKnownFileType = folder.assetcatalog; path = Assets.xcassets; sourceTree = "<group>"; };
		0432EEB028BF8963003A35E9 /* ColorExtension.swift */ = {isa = PBXFileReference; lastKnownFileType = sourcecode.swift; path = ColorExtension.swift; sourceTree = "<group>"; };
		0432EEB228BF9013003A35E9 /* loginView.swift */ = {isa = PBXFileReference; lastKnownFileType = sourcecode.swift; path = loginView.swift; sourceTree = "<group>"; };
		0466F6C428BFA6CE001D7F6A /* SettingsView.swift */ = {isa = PBXFileReference; lastKnownFileType = sourcecode.swift; path = SettingsView.swift; sourceTree = "<group>"; };
		0466F6C628C10725001D7F6A /* Botton1View.swift */ = {isa = PBXFileReference; lastKnownFileType = sourcecode.swift; path = Botton1View.swift; sourceTree = "<group>"; };
		0466F6C828C109FB001D7F6A /* HomeView.swift */ = {isa = PBXFileReference; lastKnownFileType = sourcecode.swift; path = HomeView.swift; sourceTree = "<group>"; };
		0466F6CA28C11517001D7F6A /* Button2View.swift */ = {isa = PBXFileReference; lastKnownFileType = sourcecode.swift; path = Button2View.swift; sourceTree = "<group>"; };
		0466F6CC28C123A6001D7F6A /* Class1View.swift */ = {isa = PBXFileReference; lastKnownFileType = sourcecode.swift; path = Class1View.swift; sourceTree = "<group>"; };
		0466F6CE28C12D81001D7F6A /* Class2View.swift */ = {isa = PBXFileReference; lastKnownFileType = sourcecode.swift; path = Class2View.swift; sourceTree = "<group>"; };
		0466F6D028C12D97001D7F6A /* Class3View.swift */ = {isa = PBXFileReference; lastKnownFileType = sourcecode.swift; path = Class3View.swift; sourceTree = "<group>"; };
		0466F6D228C12DA7001D7F6A /* Class4View.swift */ = {isa = PBXFileReference; lastKnownFileType = sourcecode.swift; path = Class4View.swift; sourceTree = "<group>"; };
		0466F6D428C12DB6001D7F6A /* Class5View.swift */ = {isa = PBXFileReference; lastKnownFileType = sourcecode.swift; path = Class5View.swift; sourceTree = "<group>"; };
		0466F6D828C2247F001D7F6A /* SearchView.swift */ = {isa = PBXFileReference; lastKnownFileType = sourcecode.swift; path = SearchView.swift; sourceTree = "<group>"; };
		0466F6DA28C22830001D7F6A /* Home1View.swift */ = {isa = PBXFileReference; lastKnownFileType = sourcecode.swift; path = Home1View.swift; sourceTree = "<group>"; };
		0466F6E228C4C412001D7F6A /* Book1.swift */ = {isa = PBXFileReference; lastKnownFileType = sourcecode.swift; path = Book1.swift; sourceTree = "<group>"; };
		0466F6E428C4CAE1001D7F6A /* BookSolves1.swift */ = {isa = PBXFileReference; lastKnownFileType = sourcecode.swift; path = BookSolves1.swift; sourceTree = "<group>"; };
		0466F6E628C4CC7B001D7F6A /* studyNote1.swift */ = {isa = PBXFileReference; lastKnownFileType = sourcecode.swift; path = studyNote1.swift; sourceTree = "<group>"; };
		0466F6E828C4CC90001D7F6A /* electronicExams1.swift */ = {isa = PBXFileReference; lastKnownFileType = sourcecode.swift; path = electronicExams1.swift; sourceTree = "<group>"; };
		0466F6ED28C51FE5001D7F6A /* Poppins-Medium.ttf */ = {isa = PBXFileReference; lastKnownFileType = file; path = "Poppins-Medium.ttf"; sourceTree = "<group>"; };
		0466F6EE28C51FE5001D7F6A /* Poppins-Bold.ttf */ = {isa = PBXFileReference; lastKnownFileType = file; path = "Poppins-Bold.ttf"; sourceTree = "<group>"; };
		0466F6EF28C51FE5001D7F6A /* SIL Open Font License.txt */ = {isa = PBXFileReference; fileEncoding = 4; lastKnownFileType = text; path = "SIL Open Font License.txt"; sourceTree = "<group>"; };
		0466F6F028C51FE5001D7F6A /* Poppins-Regular.ttf */ = {isa = PBXFileReference; lastKnownFileType = file; path = "Poppins-Regular.ttf"; sourceTree = "<group>"; };
		0466F6F128C51FE5001D7F6A /* Poppins-SemiBold.ttf */ = {isa = PBXFileReference; lastKnownFileType = file; path = "Poppins-SemiBold.ttf"; sourceTree = "<group>"; };
		0466F6F228C51FE5001D7F6A /* Poppins-Light.ttf */ = {isa = PBXFileReference; lastKnownFileType = file; path = "Poppins-Light.ttf"; sourceTree = "<group>"; };
		0466F6F928C52234001D7F6A /* finaly-project-Info.plist */ = {isa = PBXFileReference; lastKnownFileType = text.plist; path = "finaly-project-Info.plist"; sourceTree = SOURCE_ROOT; };
		0466F6FA28C61F32001D7F6A /* CustomTabBarView.swift */ = {isa = PBXFileReference; lastKnownFileType = sourcecode.swift; path = CustomTabBarView.swift; sourceTree = "<group>"; };
		0466F6FC28C61F75001D7F6A /* HomTabView.swift */ = {isa = PBXFileReference; lastKnownFileType = sourcecode.swift; path = HomTabView.swift; sourceTree = "<group>"; };
		0466F6FE28C62F3E001D7F6A /* TabCurveView.swift */ = {isa = PBXFileReference; lastKnownFileType = sourcecode.swift; path = TabCurveView.swift; sourceTree = "<group>"; };
		0466F73228C69C19001D7F6A /* ArabicBook.swift */ = {isa = PBXFileReference; lastKnownFileType = sourcecode.swift; path = ArabicBook.swift; sourceTree = "<group>"; };
		0466F73528C69C6A001D7F6A /* EinglishBook.swift */ = {isa = PBXFileReference; lastKnownFileType = sourcecode.swift; path = EinglishBook.swift; sourceTree = "<group>"; };
		0466F73728C69CCE001D7F6A /* QuranBook.swift */ = {isa = PBXFileReference; lastKnownFileType = sourcecode.swift; path = QuranBook.swift; sourceTree = "<group>"; };
		0466F73928C69D08001D7F6A /* MathBook.swift */ = {isa = PBXFileReference; lastKnownFileType = sourcecode.swift; path = MathBook.swift; sourceTree = "<group>"; };
		0466F73B28C69D3F001D7F6A /* SciencesBook.swift */ = {isa = PBXFileReference; lastKnownFileType = sourcecode.swift; path = SciencesBook.swift; sourceTree = "<group>"; };
		0466F73D28C69D81001D7F6A /* IslamicBook.swift */ = {isa = PBXFileReference; lastKnownFileType = sourcecode.swift; path = IslamicBook.swift; sourceTree = "<group>"; };
		0466F73F28C75024001D7F6A /* Book2.swift */ = {isa = PBXFileReference; lastKnownFileType = sourcecode.swift; path = Book2.swift; sourceTree = "<group>"; };
		0466F74128C7508A001D7F6A /* BookSolves2.swift */ = {isa = PBXFileReference; lastKnownFileType = sourcecode.swift; path = BookSolves2.swift; sourceTree = "<group>"; };
		0466F74328C750A4001D7F6A /* studyNote2.swift */ = {isa = PBXFileReference; lastKnownFileType = sourcecode.swift; path = studyNote2.swift; sourceTree = "<group>"; };
		0466F74528C750C0001D7F6A /* electronicExams2.swift */ = {isa = PBXFileReference; lastKnownFileType = sourcecode.swift; path = electronicExams2.swift; sourceTree = "<group>"; };
		0466F74B28C751E7001D7F6A /* Book3.swift */ = {isa = PBXFileReference; lastKnownFileType = sourcecode.swift; path = Book3.swift; sourceTree = "<group>"; };
		0466F74D28C75313001D7F6A /* BookSolves3.swift */ = {isa = PBXFileReference; lastKnownFileType = sourcecode.swift; path = BookSolves3.swift; sourceTree = "<group>"; };
		0466F74F28C7532C001D7F6A /* electronicExams3.swift */ = {isa = PBXFileReference; lastKnownFileType = sourcecode.swift; path = electronicExams3.swift; sourceTree = "<group>"; };
		0466F75128C75345001D7F6A /* studyNote3.swift */ = {isa = PBXFileReference; lastKnownFileType = sourcecode.swift; path = studyNote3.swift; sourceTree = "<group>"; };
		0466F75328C75352001D7F6A /* studyNote4.swift */ = {isa = PBXFileReference; lastKnownFileType = sourcecode.swift; path = studyNote4.swift; sourceTree = "<group>"; };
		0466F75528C7535B001D7F6A /* studyNote5.swift */ = {isa = PBXFileReference; lastKnownFileType = sourcecode.swift; path = studyNote5.swift; sourceTree = "<group>"; };
		0466F75728C7539A001D7F6A /* electronicExams5.swift */ = {isa = PBXFileReference; lastKnownFileType = sourcecode.swift; path = electronicExams5.swift; sourceTree = "<group>"; };
		0466F75928C753A8001D7F6A /* electronicExams4.swift */ = {isa = PBXFileReference; lastKnownFileType = sourcecode.swift; path = electronicExams4.swift; sourceTree = "<group>"; };
		0466F75B28C753C3001D7F6A /* BookSolves5.swift */ = {isa = PBXFileReference; lastKnownFileType = sourcecode.swift; path = BookSolves5.swift; sourceTree = "<group>"; };
		0466F75D28C753CE001D7F6A /* BookSolves4.swift */ = {isa = PBXFileReference; lastKnownFileType = sourcecode.swift; path = BookSolves4.swift; sourceTree = "<group>"; };
		0466F75F28C753DD001D7F6A /* Book4.swift */ = {isa = PBXFileReference; lastKnownFileType = sourcecode.swift; path = Book4.swift; sourceTree = "<group>"; };
		0466F76128C753EB001D7F6A /* Book5.swift */ = {isa = PBXFileReference; lastKnownFileType = sourcecode.swift; path = Book5.swift; sourceTree = "<group>"; };
		0466F76328C75A99001D7F6A /* SciencesBook2.swift */ = {isa = PBXFileReference; lastKnownFileType = sourcecode.swift; path = SciencesBook2.swift; sourceTree = "<group>"; };
		0466F76528C75ABC001D7F6A /* ArabicBook2.swift */ = {isa = PBXFileReference; lastKnownFileType = sourcecode.swift; path = ArabicBook2.swift; sourceTree = "<group>"; };
		0466F76728C75AE5001D7F6A /* QuranBook2.swift */ = {isa = PBXFileReference; lastKnownFileType = sourcecode.swift; path = QuranBook2.swift; sourceTree = "<group>"; };
		0466F76928C75AF5001D7F6A /* MathBook2.swift */ = {isa = PBXFileReference; lastKnownFileType = sourcecode.swift; path = MathBook2.swift; sourceTree = "<group>"; };
		0466F76B28C75B06001D7F6A /* EinglishBook2.swift */ = {isa = PBXFileReference; lastKnownFileType = sourcecode.swift; path = EinglishBook2.swift; sourceTree = "<group>"; };
		0466F76D28C75B1A001D7F6A /* IslamicBook2.swift */ = {isa = PBXFileReference; lastKnownFileType = sourcecode.swift; path = IslamicBook2.swift; sourceTree = "<group>"; };
		0468690228BA2D0800ED2362 /* finaly project.app */ = {isa = PBXFileReference; explicitFileType = wrapper.application; includeInIndex = 0; path = "finaly project.app"; sourceTree = BUILT_PRODUCTS_DIR; };
		0468690528BA2D0800ED2362 /* finaly_projectApp.swift */ = {isa = PBXFileReference; lastKnownFileType = sourcecode.swift; path = finaly_projectApp.swift; sourceTree = "<group>"; };
		0468690728BA2D0800ED2362 /* ContentView.swift */ = {isa = PBXFileReference; lastKnownFileType = sourcecode.swift; path = ContentView.swift; sourceTree = "<group>"; };
		0468690C28BA2D0900ED2362 /* Preview Assets.xcassets */ = {isa = PBXFileReference; lastKnownFileType = folder.assetcatalog; path = "Preview Assets.xcassets"; sourceTree = "<group>"; };
		0468691328BAC9F300ED2362 /* Launch Screen .storyboard */ = {isa = PBXFileReference; lastKnownFileType = file.storyboard; path = "Launch Screen .storyboard"; sourceTree = "<group>"; };
/* End PBXFileReference section */

/* Begin PBXFrameworksBuildPhase section */
		046868FF28BA2D0800ED2362 /* Frameworks */ = {
			isa = PBXFrameworksBuildPhase;
			buildActionMask = 2147483647;
			files = (
			);
			runOnlyForDeploymentPostprocessing = 0;
		};
/* End PBXFrameworksBuildPhase section */

/* Begin PBXGroup section */
		041E0F7728C8D01B002E6129 /* Grade 6-9 */ = {
			isa = PBXGroup;
			children = (
				041E0F6F28C7EEE1002E6129 /* Class6View.swift */,
				041E0F7128C8C9CB002E6129 /* Class7View.swift */,
				041E0F7328C8C9D6002E6129 /* Class8View.swift */,
				041E0F7528C8C9E5002E6129 /* Class9View.swift */,
			);
			path = "Grade 6-9";
			sourceTree = "<group>";
		};
		0466F6EC28C51F7D001D7F6A /* Fonts */ = {
			isa = PBXGroup;
			children = (
				0466F6EE28C51FE5001D7F6A /* Poppins-Bold.ttf */,
				0466F6F228C51FE5001D7F6A /* Poppins-Light.ttf */,
				0466F6ED28C51FE5001D7F6A /* Poppins-Medium.ttf */,
				0466F6F028C51FE5001D7F6A /* Poppins-Regular.ttf */,
				0466F6F128C51FE5001D7F6A /* Poppins-SemiBold.ttf */,
				0466F6EF28C51FE5001D7F6A /* SIL Open Font License.txt */,
			);
			path = Fonts;
			sourceTree = "<group>";
		};
		0466F72E28C6913D001D7F6A /* class 1-5 */ = {
			isa = PBXGroup;
			children = (
				0466F74A28C75189001D7F6A /* PropertiesClass5 */,
				0466F74928C75175001D7F6A /* PropertiesClass4 */,
				0466F74828C75162001D7F6A /* PropertiesClass3 */,
				0466F74728C7511D001D7F6A /* PropertiesClass2 */,
				0466F72F28C69178001D7F6A /* PropertiesClass1 */,
			);
			path = "class 1-5";
			sourceTree = "<group>";
		};
		0466F72F28C69178001D7F6A /* PropertiesClass1 */ = {
			isa = PBXGroup;
			children = (
				0466F6CC28C123A6001D7F6A /* Class1View.swift */,
				0466F6E828C4CC90001D7F6A /* electronicExams1.swift */,
				0466F6E628C4CC7B001D7F6A /* studyNote1.swift */,
				0466F6E428C4CAE1001D7F6A /* BookSolves1.swift */,
				0466F6E228C4C412001D7F6A /* Book1.swift */,
				0466F73428C69C2A001D7F6A /* materials */,
			);
			path = PropertiesClass1;
			sourceTree = "<group>";
		};
		0466F73028C691A0001D7F6A /* Button */ = {
			isa = PBXGroup;
			children = (
				041E0F6D28C7E4E0002E6129 /* Button4View.swift */,
				041E0F6B28C7E4D2002E6129 /* Button3View.swift */,
				0466F6CA28C11517001D7F6A /* Button2View.swift */,
				0466F6C628C10725001D7F6A /* Botton1View.swift */,
			);
			path = Button;
			sourceTree = "<group>";
		};
		0466F73128C69211001D7F6A /* TabBarView */ = {
			isa = PBXGroup;
			children = (
				0466F6FA28C61F32001D7F6A /* CustomTabBarView.swift */,
				0466F6FC28C61F75001D7F6A /* HomTabView.swift */,
				0466F6FE28C62F3E001D7F6A /* TabCurveView.swift */,
			);
			path = TabBarView;
			sourceTree = "<group>";
		};
		0466F73428C69C2A001D7F6A /* materials */ = {
			isa = PBXGroup;
			children = (
				0466F73228C69C19001D7F6A /* ArabicBook.swift */,
				0466F73B28C69D3F001D7F6A /* SciencesBook.swift */,
				0466F73528C69C6A001D7F6A /* EinglishBook.swift */,
				0466F73728C69CCE001D7F6A /* QuranBook.swift */,
				0466F73928C69D08001D7F6A /* MathBook.swift */,
				0466F73D28C69D81001D7F6A /* IslamicBook.swift */,
			);
			path = materials;
			sourceTree = "<group>";
		};
		0466F74728C7511D001D7F6A /* PropertiesClass2 */ = {
			isa = PBXGroup;
			children = (
				0466F74528C750C0001D7F6A /* electronicExams2.swift */,
				0466F74328C750A4001D7F6A /* studyNote2.swift */,
				0466F74128C7508A001D7F6A /* BookSolves2.swift */,
				0466F73F28C75024001D7F6A /* Book2.swift */,
				0466F76D28C75B1A001D7F6A /* IslamicBook2.swift */,
				0466F76B28C75B06001D7F6A /* EinglishBook2.swift */,
				0466F76928C75AF5001D7F6A /* MathBook2.swift */,
				0466F76728C75AE5001D7F6A /* QuranBook2.swift */,
				0466F76528C75ABC001D7F6A /* ArabicBook2.swift */,
				0466F76328C75A99001D7F6A /* SciencesBook2.swift */,
				0466F6CE28C12D81001D7F6A /* Class2View.swift */,
			);
			path = PropertiesClass2;
			sourceTree = "<group>";
		};
		0466F74828C75162001D7F6A /* PropertiesClass3 */ = {
			isa = PBXGroup;
			children = (
				0466F6D028C12D97001D7F6A /* Class3View.swift */,
				0466F75128C75345001D7F6A /* studyNote3.swift */,
				0466F74F28C7532C001D7F6A /* electronicExams3.swift */,
				0466F74D28C75313001D7F6A /* BookSolves3.swift */,
				0466F74B28C751E7001D7F6A /* Book3.swift */,
				041E0F5D28C7D7B3002E6129 /* IslamicBook3.swift */,
				041E0F5B28C7D7A7002E6129 /* EinglishBook3.swift */,
				041E0F5928C7D79A002E6129 /* MathBook3.swift */,
				041E0F5728C7D78C002E6129 /* QuranBook3.swift */,
				041E0F5528C7D770002E6129 /* ArabicBook3.swift */,
				041E0F5328C7D758002E6129 /* SciencesBook3.swift */,
			);
			path = PropertiesClass3;
			sourceTree = "<group>";
		};
		0466F74928C75175001D7F6A /* PropertiesClass4 */ = {
			isa = PBXGroup;
			children = (
				0466F6D228C12DA7001D7F6A /* Class4View.swift */,
				0466F75D28C753CE001D7F6A /* BookSolves4.swift */,
				0466F75F28C753DD001D7F6A /* Book4.swift */,
				041E0F6928C7D9B0002E6129 /* IslamicBook4.swift */,
				041E0F6728C7D9A1002E6129 /* EinglishBook4.swift */,
				041E0F6528C7D995002E6129 /* MathBook4.swift */,
				041E0F6328C7D988002E6129 /* QuranBook4.swift */,
				041E0F6128C7D974002E6129 /* ArabicBook4.swift */,
				041E0F5F28C7D967002E6129 /* SciencesBook4.swift */,
				0466F75928C753A8001D7F6A /* electronicExams4.swift */,
				0466F75328C75352001D7F6A /* studyNote4.swift */,
			);
			path = PropertiesClass4;
			sourceTree = "<group>";
		};
		0466F74A28C75189001D7F6A /* PropertiesClass5 */ = {
			isa = PBXGroup;
			children = (
				0466F6D428C12DB6001D7F6A /* Class5View.swift */,
				0466F75528C7535B001D7F6A /* studyNote5.swift */,
				0466F75728C7539A001D7F6A /* electronicExams5.swift */,
				0466F75B28C753C3001D7F6A /* BookSolves5.swift */,
				0466F76128C753EB001D7F6A /* Book5.swift */,
				041E0F7E28C8D641002E6129 /* MathBook5.swift */,
				041E0F7C28C8D61A002E6129 /* QuranBook5.swift */,
				041E0F7A28C8D5F0002E6129 /* ArabicBook5.swift */,
				041E0F7828C8D5D9002E6129 /* SciencesBook5.swift */,
			);
			path = PropertiesClass5;
			sourceTree = "<group>";
		};
		046868F928BA2D0800ED2362 = {
			isa = PBXGroup;
			children = (
				0466F6EC28C51F7D001D7F6A /* Fonts */,
				0468690428BA2D0800ED2362 /* finaly project */,
				0468690328BA2D0800ED2362 /* Products */,
			);
			sourceTree = "<group>";
		};
		0468690328BA2D0800ED2362 /* Products */ = {
			isa = PBXGroup;
			children = (
				0468690228BA2D0800ED2362 /* finaly project.app */,
			);
			name = Products;
			sourceTree = "<group>";
		};
		0468690428BA2D0800ED2362 /* finaly project */ = {
			isa = PBXGroup;
			children = (
				0466F6F928C52234001D7F6A /* finaly-project-Info.plist */,
				0468690528BA2D0800ED2362 /* finaly_projectApp.swift */,
				0468690728BA2D0800ED2362 /* ContentView.swift */,
				041E0F8428C90339002E6129 /* Model.swift */,
				0466F6DA28C22830001D7F6A /* Home1View.swift */,
				0466F73128C69211001D7F6A /* TabBarView */,
				041E0F7728C8D01B002E6129 /* Grade 6-9 */,
				0466F72E28C6913D001D7F6A /* class 1-5 */,
				0466F73028C691A0001D7F6A /* Button */,
				0466F6C828C109FB001D7F6A /* HomeView.swift */,
				0466F6D828C2247F001D7F6A /* SearchView.swift */,
				0466F6C428BFA6CE001D7F6A /* SettingsView.swift */,
				041E0F8228C8FD1F002E6129 /* SavedView.swift */,
				0432EEB228BF9013003A35E9 /* loginView.swift */,
				0432EEB028BF8963003A35E9 /* ColorExtension.swift */,
				0468691328BAC9F300ED2362 /* Launch Screen .storyboard */,
				0432EEAE28BE550E003A35E9 /* Assets.xcassets */,
				0468690B28BA2D0900ED2362 /* Preview Content */,
			);
			path = "finaly project";
			sourceTree = "<group>";
		};
		0468690B28BA2D0900ED2362 /* Preview Content */ = {
			isa = PBXGroup;
			children = (
				0468690C28BA2D0900ED2362 /* Preview Assets.xcassets */,
			);
			path = "Preview Content";
			sourceTree = "<group>";
		};
/* End PBXGroup section */

/* Begin PBXNativeTarget section */
		0468690128BA2D0800ED2362 /* finaly project */ = {
			isa = PBXNativeTarget;
			buildConfigurationList = 0468691028BA2D0900ED2362 /* Build configuration list for PBXNativeTarget "finaly project" */;
			buildPhases = (
				046868FE28BA2D0800ED2362 /* Sources */,
				046868FF28BA2D0800ED2362 /* Frameworks */,
				0468690028BA2D0800ED2362 /* Resources */,
			);
			buildRules = (
			);
			dependencies = (
			);
			name = "finaly project";
			productName = "finaly project";
			productReference = 0468690228BA2D0800ED2362 /* finaly project.app */;
			productType = "com.apple.product-type.application";
		};
/* End PBXNativeTarget section */

/* Begin PBXProject section */
		046868FA28BA2D0800ED2362 /* Project object */ = {
			isa = PBXProject;
			attributes = {
				BuildIndependentTargetsInParallel = 1;
				LastSwiftUpdateCheck = 1340;
				LastUpgradeCheck = 1340;
				TargetAttributes = {
					0468690128BA2D0800ED2362 = {
						CreatedOnToolsVersion = 13.4.1;
					};
				};
			};
			buildConfigurationList = 046868FD28BA2D0800ED2362 /* Build configuration list for PBXProject "finaly project" */;
			compatibilityVersion = "Xcode 13.0";
			developmentRegion = en;
			hasScannedForEncodings = 0;
			knownRegions = (
				en,
				Base,
			);
			mainGroup = 046868F928BA2D0800ED2362;
			productRefGroup = 0468690328BA2D0800ED2362 /* Products */;
			projectDirPath = "";
			projectRoot = "";
			targets = (
				0468690128BA2D0800ED2362 /* finaly project */,
			);
		};
/* End PBXProject section */

/* Begin PBXResourcesBuildPhase section */
		0468690028BA2D0800ED2362 /* Resources */ = {
			isa = PBXResourcesBuildPhase;
			buildActionMask = 2147483647;
			files = (
				0466F6F528C51FE5001D7F6A /* SIL Open Font License.txt in Resources */,
				0466F6F828C51FE5001D7F6A /* Poppins-Light.ttf in Resources */,
				0468690D28BA2D0900ED2362 /* Preview Assets.xcassets in Resources */,
				0466F6F428C51FE5001D7F6A /* Poppins-Bold.ttf in Resources */,
				0432EEAF28BE550E003A35E9 /* Assets.xcassets in Resources */,
				0468691428BAC9F300ED2362 /* Launch Screen .storyboard in Resources */,
				0466F6F728C51FE5001D7F6A /* Poppins-SemiBold.ttf in Resources */,
				0466F6F328C51FE5001D7F6A /* Poppins-Medium.ttf in Resources */,
				0466F6F628C51FE5001D7F6A /* Poppins-Regular.ttf in Resources */,
			);
			runOnlyForDeploymentPostprocessing = 0;
		};
/* End PBXResourcesBuildPhase section */

/* Begin PBXSourcesBuildPhase section */
		046868FE28BA2D0800ED2362 /* Sources */ = {
			isa = PBXSourcesBuildPhase;
			buildActionMask = 2147483647;
			files = (
				041E0F7928C8D5D9002E6129 /* SciencesBook5.swift in Sources */,
				041E0F5828C7D78C002E6129 /* QuranBook3.swift in Sources */,
				041E0F7228C8C9CB002E6129 /* Class7View.swift in Sources */,
				0466F6FD28C61F75001D7F6A /* HomTabView.swift in Sources */,
				0466F6C528BFA6CE001D7F6A /* SettingsView.swift in Sources */,
				0466F75828C7539A001D7F6A /* electronicExams5.swift in Sources */,
				0466F76628C75ABC001D7F6A /* ArabicBook2.swift in Sources */,
				0466F6E728C4CC7B001D7F6A /* studyNote1.swift in Sources */,
				0466F73628C69C6A001D7F6A /* EinglishBook.swift in Sources */,
				041E0F6C28C7E4D2002E6129 /* Button3View.swift in Sources */,
				0466F75E28C753CE001D7F6A /* BookSolves4.swift in Sources */,
				041E0F8528C90339002E6129 /* Model.swift in Sources */,
				041E0F5A28C7D79A002E6129 /* MathBook3.swift in Sources */,
				0466F76228C753EB001D7F6A /* Book5.swift in Sources */,
				0466F73A28C69D08001D7F6A /* MathBook.swift in Sources */,
				041E0F6628C7D995002E6129 /* MathBook4.swift in Sources */,
				0466F73C28C69D3F001D7F6A /* SciencesBook.swift in Sources */,
				0466F75028C7532C001D7F6A /* electronicExams3.swift in Sources */,
				041E0F5E28C7D7B3002E6129 /* IslamicBook3.swift in Sources */,
				0466F6C928C109FB001D7F6A /* HomeView.swift in Sources */,
				041E0F5628C7D770002E6129 /* ArabicBook3.swift in Sources */,
				0466F74C28C751E7001D7F6A /* Book3.swift in Sources */,
				0432EEB128BF8963003A35E9 /* ColorExtension.swift in Sources */,
				0466F6CD28C123A6001D7F6A /* Class1View.swift in Sources */,
				0466F75228C75345001D7F6A /* studyNote3.swift in Sources */,
				041E0F8328C8FD1F002E6129 /* SavedView.swift in Sources */,
				041E0F7B28C8D5F1002E6129 /* ArabicBook5.swift in Sources */,
				041E0F5C28C7D7A7002E6129 /* EinglishBook3.swift in Sources */,
				0466F76E28C75B1A001D7F6A /* IslamicBook2.swift in Sources */,
				0466F6DB28C22830001D7F6A /* Home1View.swift in Sources */,
				041E0F7F28C8D641002E6129 /* MathBook5.swift in Sources */,
				041E0F7028C7EEE1002E6129 /* Class6View.swift in Sources */,
				0466F6E928C4CC90001D7F6A /* electronicExams1.swift in Sources */,
				0468690828BA2D0800ED2362 /* ContentView.swift in Sources */,
				041E0F7628C8C9E5002E6129 /* Class9View.swift in Sources */,
				041E0F6828C7D9A1002E6129 /* EinglishBook4.swift in Sources */,
				0466F76C28C75B06001D7F6A /* EinglishBook2.swift in Sources */,
				0466F74628C750C0001D7F6A /* electronicExams2.swift in Sources */,
				0466F74228C7508A001D7F6A /* BookSolves2.swift in Sources */,
				041E0F7428C8C9D6002E6129 /* Class8View.swift in Sources */,
				0466F74028C75024001D7F6A /* Book2.swift in Sources */,
				0466F6E528C4CAE1001D7F6A /* BookSolves1.swift in Sources */,
				0432EEB328BF9013003A35E9 /* loginView.swift in Sources */,
				0466F6E328C4C412001D7F6A /* Book1.swift in Sources */,
				0466F6FB28C61F32001D7F6A /* CustomTabBarView.swift in Sources */,
				0466F6CB28C11517001D7F6A /* Button2View.swift in Sources */,
				0466F6C728C10726001D7F6A /* Botton1View.swift in Sources */,
				041E0F6228C7D974002E6129 /* ArabicBook4.swift in Sources */,
				0466F74E28C75314001D7F6A /* BookSolves3.swift in Sources */,
				041E0F5428C7D758002E6129 /* SciencesBook3.swift in Sources */,
				0466F6D328C12DA7001D7F6A /* Class4View.swift in Sources */,
				0466F75C28C753C3001D7F6A /* BookSolves5.swift in Sources */,
				0466F75A28C753A8001D7F6A /* electronicExams4.swift in Sources */,
				0466F6D128C12D97001D7F6A /* Class3View.swift in Sources */,
				0466F76A28C75AF5001D7F6A /* MathBook2.swift in Sources */,
				0466F6D928C2247F001D7F6A /* SearchView.swift in Sources */,
				0466F73828C69CCE001D7F6A /* QuranBook.swift in Sources */,
				0466F6CF28C12D82001D7F6A /* Class2View.swift in Sources */,
				0468690628BA2D0800ED2362 /* finaly_projectApp.swift in Sources */,
				0466F76828C75AE5001D7F6A /* QuranBook2.swift in Sources */,
				041E0F6A28C7D9B0002E6129 /* IslamicBook4.swift in Sources */,
				0466F75428C75352001D7F6A /* studyNote4.swift in Sources */,
				0466F73328C69C19001D7F6A /* ArabicBook.swift in Sources */,
				0466F75628C7535B001D7F6A /* studyNote5.swift in Sources */,
				041E0F6E28C7E4E0002E6129 /* Button4View.swift in Sources */,
				041E0F6028C7D967002E6129 /* SciencesBook4.swift in Sources */,
				0466F73E28C69D81001D7F6A /* IslamicBook.swift in Sources */,
				0466F6FF28C62F3F001D7F6A /* TabCurveView.swift in Sources */,
				0466F76028C753DD001D7F6A /* Book4.swift in Sources */,
				0466F76428C75A99001D7F6A /* SciencesBook2.swift in Sources */,
				041E0F7D28C8D61A002E6129 /* QuranBook5.swift in Sources */,
				0466F74428C750A4001D7F6A /* studyNote2.swift in Sources */,
				0466F6D528C12DB6001D7F6A /* Class5View.swift in Sources */,
				041E0F6428C7D988002E6129 /* QuranBook4.swift in Sources */,
			);
			runOnlyForDeploymentPostprocessing = 0;
		};
/* End PBXSourcesBuildPhase section */

/* Begin XCBuildConfiguration section */
		0468690E28BA2D0900ED2362 /* Debug */ = {
			isa = XCBuildConfiguration;
			buildSettings = {
				ALWAYS_SEARCH_USER_PATHS = NO;
				CLANG_ANALYZER_NONNULL = YES;
				CLANG_ANALYZER_NUMBER_OBJECT_CONVERSION = YES_AGGRESSIVE;
				CLANG_CXX_LANGUAGE_STANDARD = "gnu++17";
				CLANG_ENABLE_MODULES = YES;
				CLANG_ENABLE_OBJC_ARC = YES;
				CLANG_ENABLE_OBJC_WEAK = YES;
				CLANG_WARN_BLOCK_CAPTURE_AUTORELEASING = YES;
				CLANG_WARN_BOOL_CONVERSION = YES;
				CLANG_WARN_COMMA = YES;
				CLANG_WARN_CONSTANT_CONVERSION = YES;
				CLANG_WARN_DEPRECATED_OBJC_IMPLEMENTATIONS = YES;
				CLANG_WARN_DIRECT_OBJC_ISA_USAGE = YES_ERROR;
				CLANG_WARN_DOCUMENTATION_COMMENTS = YES;
				CLANG_WARN_EMPTY_BODY = YES;
				CLANG_WARN_ENUM_CONVERSION = YES;
				CLANG_WARN_INFINITE_RECURSION = YES;
				CLANG_WARN_INT_CONVERSION = YES;
				CLANG_WARN_NON_LITERAL_NULL_CONVERSION = YES;
				CLANG_WARN_OBJC_IMPLICIT_RETAIN_SELF = YES;
				CLANG_WARN_OBJC_LITERAL_CONVERSION = YES;
				CLANG_WARN_OBJC_ROOT_CLASS = YES_ERROR;
				CLANG_WARN_QUOTED_INCLUDE_IN_FRAMEWORK_HEADER = YES;
				CLANG_WARN_RANGE_LOOP_ANALYSIS = YES;
				CLANG_WARN_STRICT_PROTOTYPES = YES;
				CLANG_WARN_SUSPICIOUS_MOVE = YES;
				CLANG_WARN_UNGUARDED_AVAILABILITY = YES_AGGRESSIVE;
				CLANG_WARN_UNREACHABLE_CODE = YES;
				CLANG_WARN__DUPLICATE_METHOD_MATCH = YES;
				COPY_PHASE_STRIP = NO;
				DEBUG_INFORMATION_FORMAT = dwarf;
				ENABLE_STRICT_OBJC_MSGSEND = YES;
				ENABLE_TESTABILITY = YES;
				GCC_C_LANGUAGE_STANDARD = gnu11;
				GCC_DYNAMIC_NO_PIC = NO;
				GCC_NO_COMMON_BLOCKS = YES;
				GCC_OPTIMIZATION_LEVEL = 0;
				GCC_PREPROCESSOR_DEFINITIONS = (
					"DEBUG=1",
					"$(inherited)",
				);
				GCC_WARN_64_TO_32_BIT_CONVERSION = YES;
				GCC_WARN_ABOUT_RETURN_TYPE = YES_ERROR;
				GCC_WARN_UNDECLARED_SELECTOR = YES;
				GCC_WARN_UNINITIALIZED_AUTOS = YES_AGGRESSIVE;
				GCC_WARN_UNUSED_FUNCTION = YES;
				GCC_WARN_UNUSED_VARIABLE = YES;
				IPHONEOS_DEPLOYMENT_TARGET = 15.5;
				MTL_ENABLE_DEBUG_INFO = INCLUDE_SOURCE;
				MTL_FAST_MATH = YES;
				ONLY_ACTIVE_ARCH = YES;
				SDKROOT = iphoneos;
				SWIFT_ACTIVE_COMPILATION_CONDITIONS = DEBUG;
				SWIFT_OPTIMIZATION_LEVEL = "-Onone";
			};
			name = Debug;
		};
		0468690F28BA2D0900ED2362 /* Release */ = {
			isa = XCBuildConfiguration;
			buildSettings = {
				ALWAYS_SEARCH_USER_PATHS = NO;
				CLANG_ANALYZER_NONNULL = YES;
				CLANG_ANALYZER_NUMBER_OBJECT_CONVERSION = YES_AGGRESSIVE;
				CLANG_CXX_LANGUAGE_STANDARD = "gnu++17";
				CLANG_ENABLE_MODULES = YES;
				CLANG_ENABLE_OBJC_ARC = YES;
				CLANG_ENABLE_OBJC_WEAK = YES;
				CLANG_WARN_BLOCK_CAPTURE_AUTORELEASING = YES;
				CLANG_WARN_BOOL_CONVERSION = YES;
				CLANG_WARN_COMMA = YES;
				CLANG_WARN_CONSTANT_CONVERSION = YES;
				CLANG_WARN_DEPRECATED_OBJC_IMPLEMENTATIONS = YES;
				CLANG_WARN_DIRECT_OBJC_ISA_USAGE = YES_ERROR;
				CLANG_WARN_DOCUMENTATION_COMMENTS = YES;
				CLANG_WARN_EMPTY_BODY = YES;
				CLANG_WARN_ENUM_CONVERSION = YES;
				CLANG_WARN_INFINITE_RECURSION = YES;
				CLANG_WARN_INT_CONVERSION = YES;
				CLANG_WARN_NON_LITERAL_NULL_CONVERSION = YES;
				CLANG_WARN_OBJC_IMPLICIT_RETAIN_SELF = YES;
				CLANG_WARN_OBJC_LITERAL_CONVERSION = YES;
				CLANG_WARN_OBJC_ROOT_CLASS = YES_ERROR;
				CLANG_WARN_QUOTED_INCLUDE_IN_FRAMEWORK_HEADER = YES;
				CLANG_WARN_RANGE_LOOP_ANALYSIS = YES;
				CLANG_WARN_STRICT_PROTOTYPES = YES;
				CLANG_WARN_SUSPICIOUS_MOVE = YES;
				CLANG_WARN_UNGUARDED_AVAILABILITY = YES_AGGRESSIVE;
				CLANG_WARN_UNREACHABLE_CODE = YES;
				CLANG_WARN__DUPLICATE_METHOD_MATCH = YES;
				COPY_PHASE_STRIP = NO;
				DEBUG_INFORMATION_FORMAT = "dwarf-with-dsym";
				ENABLE_NS_ASSERTIONS = NO;
				ENABLE_STRICT_OBJC_MSGSEND = YES;
				GCC_C_LANGUAGE_STANDARD = gnu11;
				GCC_NO_COMMON_BLOCKS = YES;
				GCC_WARN_64_TO_32_BIT_CONVERSION = YES;
				GCC_WARN_ABOUT_RETURN_TYPE = YES_ERROR;
				GCC_WARN_UNDECLARED_SELECTOR = YES;
				GCC_WARN_UNINITIALIZED_AUTOS = YES_AGGRESSIVE;
				GCC_WARN_UNUSED_FUNCTION = YES;
				GCC_WARN_UNUSED_VARIABLE = YES;
				IPHONEOS_DEPLOYMENT_TARGET = 15.5;
				MTL_ENABLE_DEBUG_INFO = NO;
				MTL_FAST_MATH = YES;
				SDKROOT = iphoneos;
				SWIFT_COMPILATION_MODE = wholemodule;
				SWIFT_OPTIMIZATION_LEVEL = "-O";
				VALIDATE_PRODUCT = YES;
			};
			name = Release;
		};
		0468691128BA2D0900ED2362 /* Debug */ = {
			isa = XCBuildConfiguration;
			buildSettings = {
				ASSETCATALOG_COMPILER_APPICON_NAME = AppIcon;
				ASSETCATALOG_COMPILER_GLOBAL_ACCENT_COLOR_NAME = AccentColor;
				CODE_SIGN_STYLE = Automatic;
				CURRENT_PROJECT_VERSION = 1;
				DEVELOPMENT_ASSET_PATHS = "\"finaly project/Preview Content\"";
				DEVELOPMENT_TEAM = 7ZXS87YR9K;
				ENABLE_PREVIEWS = YES;
				GENERATE_INFOPLIST_FILE = YES;
				INFOPLIST_FILE = "finaly-project-Info.plist";
				INFOPLIST_KEY_UIApplicationSceneManifest_Generation = YES;
				INFOPLIST_KEY_UIApplicationSupportsIndirectInputEvents = YES;
				INFOPLIST_KEY_UILaunchScreen_Generation = YES;
				INFOPLIST_KEY_UISupportedInterfaceOrientations_iPad = "UIInterfaceOrientationPortrait UIInterfaceOrientationPortraitUpsideDown UIInterfaceOrientationLandscapeLeft UIInterfaceOrientationLandscapeRight";
				INFOPLIST_KEY_UISupportedInterfaceOrientations_iPhone = "UIInterfaceOrientationPortrait UIInterfaceOrientationLandscapeLeft UIInterfaceOrientationLandscapeRight";
				LD_RUNPATH_SEARCH_PATHS = (
					"$(inherited)",
					"@executable_path/Frameworks",
				);
				MARKETING_VERSION = 1.0;
				PRODUCT_BUNDLE_IDENTIFIER = "com.hassan.finaly-project";
				PRODUCT_NAME = "$(TARGET_NAME)";
				SWIFT_EMIT_LOC_STRINGS = YES;
				SWIFT_VERSION = 5.0;
				TARGETED_DEVICE_FAMILY = "1,2";
			};
			name = Debug;
		};
		0468691228BA2D0900ED2362 /* Release */ = {
			isa = XCBuildConfiguration;
			buildSettings = {
				ASSETCATALOG_COMPILER_APPICON_NAME = AppIcon;
				ASSETCATALOG_COMPILER_GLOBAL_ACCENT_COLOR_NAME = AccentColor;
				CODE_SIGN_STYLE = Automatic;
				CURRENT_PROJECT_VERSION = 1;
				DEVELOPMENT_ASSET_PATHS = "\"finaly project/Preview Content\"";
				DEVELOPMENT_TEAM = 7ZXS87YR9K;
				ENABLE_PREVIEWS = YES;
				GENERATE_INFOPLIST_FILE = YES;
				INFOPLIST_FILE = "finaly-project-Info.plist";
				INFOPLIST_KEY_UIApplicationSceneManifest_Generation = YES;
				INFOPLIST_KEY_UIApplicationSupportsIndirectInputEvents = YES;
				INFOPLIST_KEY_UILaunchScreen_Generation = YES;
				INFOPLIST_KEY_UISupportedInterfaceOrientations_iPad = "UIInterfaceOrientationPortrait UIInterfaceOrientationPortraitUpsideDown UIInterfaceOrientationLandscapeLeft UIInterfaceOrientationLandscapeRight";
				INFOPLIST_KEY_UISupportedInterfaceOrientations_iPhone = "UIInterfaceOrientationPortrait UIInterfaceOrientationLandscapeLeft UIInterfaceOrientationLandscapeRight";
				LD_RUNPATH_SEARCH_PATHS = (
					"$(inherited)",
					"@executable_path/Frameworks",
				);
				MARKETING_VERSION = 1.0;
				PRODUCT_BUNDLE_IDENTIFIER = "com.hassan.finaly-project";
				PRODUCT_NAME = "$(TARGET_NAME)";
				SWIFT_EMIT_LOC_STRINGS = YES;
				SWIFT_VERSION = 5.0;
				TARGETED_DEVICE_FAMILY = "1,2";
			};
			name = Release;
		};
/* End XCBuildConfiguration section */

/* Begin XCConfigurationList section */
		046868FD28BA2D0800ED2362 /* Build configuration list for PBXProject "finaly project" */ = {
			isa = XCConfigurationList;
			buildConfigurations = (
				0468690E28BA2D0900ED2362 /* Debug */,
				0468690F28BA2D0900ED2362 /* Release */,
			);
			defaultConfigurationIsVisible = 0;
			defaultConfigurationName = Release;
		};
		0468691028BA2D0900ED2362 /* Build configuration list for PBXNativeTarget "finaly project" */ = {
			isa = XCConfigurationList;
			buildConfigurations = (
				0468691128BA2D0900ED2362 /* Debug */,
				0468691228BA2D0900ED2362 /* Release */,
			);
			defaultConfigurationIsVisible = 0;
			defaultConfigurationName = Release;
		};
/* End XCConfigurationList section */
	};
	rootObject = 046868FA28BA2D0800ED2362 /* Project object */;
}
